
Microsoft Visual Studio Solution File, Format Version 12.00
# Visual Studio Version 16
VisualStudioVersion = 16.0.34729.46
MinimumVisualStudioVersion = 10.0.40219.1
Project("{8BC9CEB8-8B4A-11D0-8D11-00A0C91BC942}") = "features", "features.vcxproj", "{EF87477D-D18C-45CE-94D6-EDFCC5A0CDF2}"
EndProject
Project("{8BC9CEB8-8B4A-11D0-8D11-00A0C91BC942}") = "LibMuPDF", "LibMuPDF.vcxproj", "{C56E00AB-5A52-4DE9-893B-BF7AEC538AD9}"
EndProject
Global
	GlobalSection(SolutionConfigurationPlatforms) = preSolution
		Debug|x64 = Debug|x64
		Debug|x86 = Debug|x86
		Memento|x64 = Memento|x64
		Memento|x86 = Memento|x86
		Release|x64 = Release|x64
		Release|x86 = Release|x86
	EndGlobalSection
	GlobalSection(ProjectConfigurationPlatforms) = postSolution
		{EF87477D-D18C-45CE-94D6-EDFCC5A0CDF2}.Debug|x64.ActiveCfg = Debug|x64
		{EF87477D-D18C-45CE-94D6-EDFCC5A0CDF2}.Debug|x64.Build.0 = Debug|x64
		{EF87477D-D18C-45CE-94D6-EDFCC5A0CDF2}.Debug|x86.ActiveCfg = Debug|Win32
		{EF87477D-D18C-45CE-94D6-EDFCC5A0CDF2}.Debug|x86.Build.0 = Debug|Win32
		{EF87477D-D18C-45CE-94D6-EDFCC5A0CDF2}.Memento|x64.ActiveCfg = Memento|x64
		{EF87477D-D18C-45CE-94D6-EDFCC5A0CDF2}.Memento|x64.Build.0 = Memento|x64
		{EF87477D-D18C-45CE-94D6-EDFCC5A0CDF2}.Memento|x86.ActiveCfg = Memento|Win32
		{EF87477D-D18C-45CE-94D6-EDFCC5A0CDF2}.Memento|x86.Build.0 = Memento|Win32
		{EF87477D-D18C-45CE-94D6-EDFCC5A0CDF2}.Release|x64.ActiveCfg = Release|x64
		{EF87477D-D18C-45CE-94D6-EDFCC5A0CDF2}.Release|x64.Build.0 = Release|x64
		{EF87477D-D18C-45CE-94D6-EDFCC5A0CDF2}.Release|x86.ActiveCfg = Release|Win32
		{EF87477D-D18C-45CE-94D6-EDFCC5A0CDF2}.Release|x86.Build.0 = Release|Win32
		{C56E00AB-5A52-4DE9-893B-BF7AEC538AD9}.Debug|x64.ActiveCfg = Debug|x64
		{C56E00AB-5A52-4DE9-893B-BF7AEC538AD9}.Debug|x64.Build.0 = Debug|x64
		{C56E00AB-5A52-4DE9-893B-BF7AEC538AD9}.Debug|x86.ActiveCfg = Debug|Win32
		{C56E00AB-5A52-4DE9-893B-BF7AEC538AD9}.Debug|x86.Build.0 = Debug|Win32
		{C56E00AB-5A52-4DE9-893B-BF7AEC538AD9}.Memento|x64.ActiveCfg = Memento|x64
		{C56E00AB-5A52-4DE9-893B-BF7AEC538AD9}.Memento|x64.Build.0 = Memento|x64
		{C56E00AB-5A52-4DE9-893B-BF7AEC538AD9}.Memento|x86.ActiveCfg = Memento|Win32
		{C56E00AB-5A52-4DE9-893B-BF7AEC538AD9}.Memento|x86.Build.0 = Memento|Win32
		{C56E00AB-5A52-4DE9-893B-BF7AEC538AD9}.Release|x64.ActiveCfg = Release|x64
		{C56E00AB-5A52-4DE9-893B-BF7AEC538AD9}.Release|x64.Build.0 = Release|x64
		{C56E00AB-5A52-4DE9-893B-BF7AEC538AD9}.Release|x86.ActiveCfg = Release|Win32
		{C56E00AB-5A52-4DE9-893B-BF7AEC538AD9}.Release|x86.Build.0 = Release|Win32
	EndGlobalSection
	GlobalSection(SolutionProperties) = preSolution
		HideSolutionNode = FALSE
	EndGlobalSection
	GlobalSection(ExtensibilityGlobals) = postSolution
		SolutionGuid = {AB1BD85B-736E-4F23-803E-3A5D73246CAE}
	EndGlobalSection
EndGlobal
